
Microsoft Visual Studio Solution File, Format Version 12.00
# Visual Studio Version 17
VisualStudioVersion = 17.8.34330.188
MinimumVisualStudioVersion = 10.0.40219.1
Project("{9A19103F-16F7-4668-BE54-9A1E7A4F7556}") = "FlightTicketApi", "FlightTicketApi.csproj", "{78EC3FB3-2EE5-43CC-8708-DEAC39BF727E}"
EndProject
Project("{9A19103F-16F7-4668-BE54-9A1E7A4F7556}") = "FlightTicketApp", "..\FlightTicketApp\FlightTicketApp.csproj", "{3D550668-A5E5-4A58-9732-3FE326D462C7}"
EndProject
Global
	GlobalSection(SolutionConfigurationPlatforms) = preSolution
		Debug|Any CPU = Debug|Any CPU
		Release|Any CPU = Release|Any CPU
	EndGlobalSection
	GlobalSection(ProjectConfigurationPlatforms) = postSolution
		{78EC3FB3-2EE5-43CC-8708-DEAC39BF727E}.Debug|Any CPU.ActiveCfg = Debug|Any CPU
		{78EC3FB3-2EE5-43CC-8708-DEAC39BF727E}.Debug|Any CPU.Build.0 = Debug|Any CPU
		{78EC3FB3-2EE5-43CC-8708-DEAC39BF727E}.Release|Any CPU.ActiveCfg = Release|Any CPU
		{78EC3FB3-2EE5-43CC-8708-DEAC39BF727E}.Release|Any CPU.Build.0 = Release|Any CPU
		{3D550668-A5E5-4A58-9732-3FE326D462C7}.Debug|Any CPU.ActiveCfg = Debug|Any CPU
		{3D550668-A5E5-4A58-9732-3FE326D462C7}.Debug|Any CPU.Build.0 = Debug|Any CPU
		{3D550668-A5E5-4A58-9732-3FE326D462C7}.Release|Any CPU.ActiveCfg = Release|Any CPU
		{3D550668-A5E5-4A58-9732-3FE326D462C7}.Release|Any CPU.Build.0 = Release|Any CPU
	EndGlobalSection
	GlobalSection(SolutionProperties) = preSolution
		HideSolutionNode = FALSE
	EndGlobalSection
	GlobalSection(ExtensibilityGlobals) = postSolution
		SolutionGuid = {2630F419-5623-4E14-9A4E-94D327FD6BE5}
	EndGlobalSection
EndGlobal
